
Microsoft Visual Studio Solution File, Format Version 12.00
# Visual Studio Version 17
VisualStudioVersion = 17.0.32112.339
MinimumVisualStudioVersion = 10.0.40219.1
Project("{FAE04EC0-301F-11D3-BF4B-00C04F79EFBC}") = "week9assignment", "week9assignment\week9assignment.csproj", "{0870A0DA-8D07-4481-86C0-7BF4BBA279D1}"
EndProject
Global
	GlobalSection(SolutionConfigurationPlatforms) = preSolution
		Debug|Any CPU = Debug|Any CPU
		Release|Any CPU = Release|Any CPU
	EndGlobalSection
	GlobalSection(ProjectConfigurationPlatforms) = postSolution
		{0870A0DA-8D07-4481-86C0-7BF4BBA279D1}.Debug|Any CPU.ActiveCfg = Debug|Any CPU
		{0870A0DA-8D07-4481-86C0-7BF4BBA279D1}.Debug|Any CPU.Build.0 = Debug|Any CPU
		{0870A0DA-8D07-4481-86C0-7BF4BBA279D1}.Release|Any CPU.ActiveCfg = Release|Any CPU
		{0870A0DA-8D07-4481-86C0-7BF4BBA279D1}.Release|Any CPU.Build.0 = Release|Any CPU
	EndGlobalSection
	GlobalSection(SolutionProperties) = preSolution
		HideSolutionNode = FALSE
	EndGlobalSection
	GlobalSection(ExtensibilityGlobals) = postSolution
		SolutionGuid = {87C422C4-6B12-49B2-81D7-1550CA2AC496}
	EndGlobalSection
EndGlobal
